{
  "name": "npm",
  "lockfileVersion": 3,
  "requires": true,
  "packages": {
    "": {
      "dependencies": {
        "@lark-tns/openclaw-guardian-plugin": "2026.5.19",
        "@shareclz/openclaw-mem0-plugin": "1.1.7"
      }
    },
    "node_modules/@lark-tns/openclaw-guardian-plugin": {
      "version": "2026.5.19",
      "resolved": "https://registry.npmmirror.com/@lark-tns/openclaw-guardian-plugin/-/openclaw-guardian-plugin-2026.5.19.tgz",
      "integrity": "sha512-9/L/Q+LcbF8CIBtcieFZJaMg61mG4dUD4VyFQV+AMNEFy6EuC2s5BfRgIa6ACb698V40PdgG3AfLF44c4Z3i/A==",
      "peerDependencies": {
        "openclaw": ">=2026.3.24"
      },
      "peerDependenciesMeta": {
        "openclaw": {
          "optional": false
        }
      }
    },
    "node_modules/@shareclz/openclaw-mem0-plugin": {
      "version": "1.1.7",
      "resolved": "https://registry.npmmirror.com/@shareclz/openclaw-mem0-plugin/-/openclaw-mem0-plugin-1.1.7.tgz",
      "integrity": "sha512-tLTVx5XCsOqSx1WI75N+MQ68Swl6C8ObEqYGdEihvhsRP1FX/lVYNRofQ3SKhtapcNlaTElcxwQB1bjLw/lSoA==",
      "license": "Apache-2.0",
      "dependencies": {
        "@sinclair/typebox": "^0.34.48",
        "dotenv": "^17.2.4"
      }
    },
    "node_modules/@sinclair/typebox": {
      "version": "0.34.48",
      "resolved": "https://registry.npmmirror.com/@sinclair/typebox/-/typebox-0.34.48.tgz",
      "integrity": "sha512-kKJTNuK3AQOrgjjotVxMrCn1sUJwM76wMszfq1kdU4uYVJjvEWuFQ6HgvLt4Xz3fSmZlTOxJ/Ie13KnIcWQXFA==",
      "license": "MIT"
    },
    "node_modules/dotenv": {
      "version": "17.4.2",
      "resolved": "https://registry.npmmirror.com/dotenv/-/dotenv-17.4.2.tgz",
      "integrity": "sha512-nI4U3TottKAcAD9LLud4Cb7b2QztQMUEfHbvhTH09bqXTxnSie8WnjPALV/WMCrJZ6UV/qHJ6L03OqO3LcdYZw==",
      "license": "BSD-2-Clause",
      "engines": {
        "node": ">=12"
      },
      "funding": {
        "url": "https://dotenvx.com"
      }
    }
  }
}
